
Microsoft Visual Studio Solution File, Format Version 12.00
# Visual Studio 14
VisualStudioVersion = 14.0.23107.0
MinimumVisualStudioVersion = 10.0.40219.1
Project("{151D2E53-A2C4-4D7D-83FE-D05416EBD58E}") = "vmssLBNatIIS", "vmssLBNatIIS\vmssLBNatIIS.deployproj", "{FF76C54B-071F-4B91-8935-82C93A498B99}"
EndProject
Global
	GlobalSection(SolutionConfigurationPlatforms) = preSolution
		Debug|Any CPU = Debug|Any CPU
		Release|Any CPU = Release|Any CPU
	EndGlobalSection
	GlobalSection(ProjectConfigurationPlatforms) = postSolution
		{FF76C54B-071F-4B91-8935-82C93A498B99}.Debug|Any CPU.ActiveCfg = Debug|Any CPU
		{FF76C54B-071F-4B91-8935-82C93A498B99}.Debug|Any CPU.Build.0 = Debug|Any CPU
		{FF76C54B-071F-4B91-8935-82C93A498B99}.Release|Any CPU.ActiveCfg = Release|Any CPU
		{FF76C54B-071F-4B91-8935-82C93A498B99}.Release|Any CPU.Build.0 = Release|Any CPU
	EndGlobalSection
	GlobalSection(SolutionProperties) = preSolution
		HideSolutionNode = FALSE
	EndGlobalSection
EndGlobal
